
Microsoft Visual Studio Solution File, Format Version 12.00
# Visual Studio Version 17
VisualStudioVersion = 17.4.33403.182
MinimumVisualStudioVersion = 10.0.40219.1
Project("{FAE04EC0-301F-11D3-BF4B-00C04F79EFBC}") = "Lab4_Zad2", "Lab4_Zad2.csproj", "{AE9F643F-6535-4849-979C-BF6FF9797D5A}"
EndProject
Global
	GlobalSection(SolutionConfigurationPlatforms) = preSolution
		Debug|Any CPU = Debug|Any CPU
		Release|Any CPU = Release|Any CPU
	EndGlobalSection
	GlobalSection(ProjectConfigurationPlatforms) = postSolution
		{AE9F643F-6535-4849-979C-BF6FF9797D5A}.Debug|Any CPU.ActiveCfg = Debug|Any CPU
		{AE9F643F-6535-4849-979C-BF6FF9797D5A}.Debug|Any CPU.Build.0 = Debug|Any CPU
		{AE9F643F-6535-4849-979C-BF6FF9797D5A}.Release|Any CPU.ActiveCfg = Release|Any CPU
		{AE9F643F-6535-4849-979C-BF6FF9797D5A}.Release|Any CPU.Build.0 = Release|Any CPU
	EndGlobalSection
	GlobalSection(SolutionProperties) = preSolution
		HideSolutionNode = FALSE
	EndGlobalSection
	GlobalSection(ExtensibilityGlobals) = postSolution
		SolutionGuid = {807A09E4-497D-4291-A329-0CCCBFC91421}
	EndGlobalSection
EndGlobal
